
Microsoft Visual Studio Solution File, Format Version 12.00
# Visual Studio Version 16
VisualStudioVersion = 16.0.32802.440
MinimumVisualStudioVersion = 10.0.40219.1
Project("{FAE04EC0-301F-11D3-BF4B-00C04F79EFBC}") = "classwork2", "classwork2\classwork2.csproj", "{134362B1-AFB9-4C83-A618-0EBB7EF0356F}"
EndProject
Global
	GlobalSection(SolutionConfigurationPlatforms) = preSolution
		Debug|Any CPU = Debug|Any CPU
		Release|Any CPU = Release|Any CPU
	EndGlobalSection
	GlobalSection(ProjectConfigurationPlatforms) = postSolution
		{134362B1-AFB9-4C83-A618-0EBB7EF0356F}.Debug|Any CPU.ActiveCfg = Debug|Any CPU
		{134362B1-AFB9-4C83-A618-0EBB7EF0356F}.Debug|Any CPU.Build.0 = Debug|Any CPU
		{134362B1-AFB9-4C83-A618-0EBB7EF0356F}.Release|Any CPU.ActiveCfg = Release|Any CPU
		{134362B1-AFB9-4C83-A618-0EBB7EF0356F}.Release|Any CPU.Build.0 = Release|Any CPU
	EndGlobalSection
	GlobalSection(SolutionProperties) = preSolution
		HideSolutionNode = FALSE
	EndGlobalSection
	GlobalSection(ExtensibilityGlobals) = postSolution
		SolutionGuid = {4E8F2937-9372-416C-81C8-89D109FAAC6A}
	EndGlobalSection
EndGlobal
