
Microsoft Visual Studio Solution File, Format Version 12.00
# Visual Studio Version 16
VisualStudioVersion = 16.0.33130.400
MinimumVisualStudioVersion = 10.0.40219.1
Project("{9A19103F-16F7-4668-BE54-9A1E7A4F7556}") = "lab8", "lab8\lab8.csproj", "{FAEF2757-50B0-446D-AF92-FD19A02BD171}"
EndProject
Global
	GlobalSection(SolutionConfigurationPlatforms) = preSolution
		Debug|Any CPU = Debug|Any CPU
		Release|Any CPU = Release|Any CPU
	EndGlobalSection
	GlobalSection(ProjectConfigurationPlatforms) = postSolution
		{FAEF2757-50B0-446D-AF92-FD19A02BD171}.Debug|Any CPU.ActiveCfg = Debug|Any CPU
		{FAEF2757-50B0-446D-AF92-FD19A02BD171}.Debug|Any CPU.Build.0 = Debug|Any CPU
		{FAEF2757-50B0-446D-AF92-FD19A02BD171}.Release|Any CPU.ActiveCfg = Release|Any CPU
		{FAEF2757-50B0-446D-AF92-FD19A02BD171}.Release|Any CPU.Build.0 = Release|Any CPU
	EndGlobalSection
	GlobalSection(SolutionProperties) = preSolution
		HideSolutionNode = FALSE
	EndGlobalSection
	GlobalSection(ExtensibilityGlobals) = postSolution
		SolutionGuid = {55C64BF9-EB2B-4F46-8FB0-52DFF94B0669}
	EndGlobalSection
EndGlobal
