
Microsoft Visual Studio Solution File, Format Version 12.00
# Visual Studio Version 16
VisualStudioVersion = 16.0.32802.440
MinimumVisualStudioVersion = 10.0.40219.1
Project("{FAE04EC0-301F-11D3-BF4B-00C04F79EFBC}") = "classwork1", "classwork1\classwork1.csproj", "{044C4296-97EF-466B-824E-283B3FC53628}"
EndProject
Global
	GlobalSection(SolutionConfigurationPlatforms) = preSolution
		Debug|Any CPU = Debug|Any CPU
		Release|Any CPU = Release|Any CPU
	EndGlobalSection
	GlobalSection(ProjectConfigurationPlatforms) = postSolution
		{044C4296-97EF-466B-824E-283B3FC53628}.Debug|Any CPU.ActiveCfg = Debug|Any CPU
		{044C4296-97EF-466B-824E-283B3FC53628}.Debug|Any CPU.Build.0 = Debug|Any CPU
		{044C4296-97EF-466B-824E-283B3FC53628}.Release|Any CPU.ActiveCfg = Release|Any CPU
		{044C4296-97EF-466B-824E-283B3FC53628}.Release|Any CPU.Build.0 = Release|Any CPU
	EndGlobalSection
	GlobalSection(SolutionProperties) = preSolution
		HideSolutionNode = FALSE
	EndGlobalSection
	GlobalSection(ExtensibilityGlobals) = postSolution
		SolutionGuid = {A16D6CA2-1E79-4E32-BB6A-3CF30117C26B}
	EndGlobalSection
EndGlobal
